{
  "version": "3",
  "redirects": {
    "https://deno.land/std/async/mod.ts": "https://deno.land/std@0.218.2/async/mod.ts",
    "https://deno.land/std/uuid/mod.ts": "https://deno.land/std@0.218.2/uuid/mod.ts",
    "https://deno.land/x/get_ip/mod.ts": "https://deno.land/x/get_ip@v2.0.0/mod.ts"
  },
  "remote": {
    "https://deno.land/std@0.168.0/_util/asserts.ts": "d0844e9b62510f89ce1f9878b046f6a57bf88f208a10304aab50efcb48365272",
    "https://deno.land/std@0.168.0/flags/mod.ts": "4f50ec6383c02684db35de38b3ffb2cd5b9fcfcc0b1147055d1980c49e82521c",
    "https://deno.land/std@0.172.0/_util/asserts.ts": "178dfc49a464aee693a7e285567b3d0b555dc805ff490505a8aae34f9cfb1462",
    "https://deno.land/std@0.172.0/_util/os.ts": "d932f56d41e4f6a6093d56044e29ce637f8dcc43c5a90af43504a889cf1775e3",
    "https://deno.land/std@0.172.0/path/_constants.ts": "e49961f6f4f48039c0dfed3c3f93e963ca3d92791c9d478ac5b43183413136e0",
    "https://deno.land/std@0.172.0/path/_interface.ts": "6471159dfbbc357e03882c2266d21ef9afdb1e4aa771b0545e90db58a0ba314b",
    "https://deno.land/std@0.172.0/path/_util.ts": "86c2375a996c1931b2f2ac71fefd5ddf0cf0e579fa4ab12d3e4c552d4223b8d8",
    "https://deno.land/std@0.172.0/path/common.ts": "ee7505ab01fd22de3963b64e46cff31f40de34f9f8de1fff6a1bd2fe79380000",
    "https://deno.land/std@0.172.0/path/glob.ts": "d479e0a695621c94d3fd7fe7abd4f9499caf32a8de13f25073451c6ef420a4e1",
    "https://deno.land/std@0.172.0/path/mod.ts": "4b83694ac500d7d31b0cdafc927080a53dc0c3027eb2895790fb155082b0d232",
    "https://deno.land/std@0.172.0/path/posix.ts": "0874b341c2c6968ca38d323338b8b295ea1dae10fa872a768d812e2e7d634789",
    "https://deno.land/std@0.172.0/path/separator.ts": "0fb679739d0d1d7bf45b68dacfb4ec7563597a902edbaf3c59b50d5bcadd93b1",
    "https://deno.land/std@0.172.0/path/win32.ts": "672942919dd66ce1b8c224e77d3447e2ad8254eaff13fe6946420a9f78fa141e",
    "https://deno.land/std@0.218.2/assert/assert.ts": "bec068b2fccdd434c138a555b19a2c2393b71dfaada02b7d568a01541e67cdc5",
    "https://deno.land/std@0.218.2/assert/assertion_error.ts": "9f689a101ee586c4ce92f52fa7ddd362e86434ffdf1f848e45987dc7689976b8",
    "https://deno.land/std@0.218.2/async/_util.ts": "64f8d0da48f908c651736317a36e97890ea9ea22a5e281c8acf9ee6cafbb6de9",
    "https://deno.land/std@0.218.2/async/abortable.ts": "87bbc086dfdbb3556fe47d12038dc3919b4f717b3660abb21f800e020c159664",
    "https://deno.land/std@0.218.2/async/deadline.ts": "65cf43eb30948f5122fa66a0d6c0fc166af23621632b6e440303efe164e8a0db",
    "https://deno.land/std@0.218.2/async/debounce.ts": "025a8e1a7c73e477f0c88a48f826fcdb022b04812ad7fc2f54de756ab4ed7624",
    "https://deno.land/std@0.218.2/async/delay.ts": "8e1d18fe8b28ff95885e2bc54eccec1713f57f756053576d8228e6ca110793ad",
    "https://deno.land/std@0.218.2/async/mod.ts": "02ba6a7d065481b6318d0783ad7243426e4f1bc4cdee0d1b6460bf73e9eab3e3",
    "https://deno.land/std@0.218.2/async/mux_async_iterator.ts": "33aa184f27fd2be1467dab3785dfdf525c8b8acd150a049331f0fdf927a17dda",
    "https://deno.land/std@0.218.2/async/pool.ts": "2b972e3643444b73f6a8bcdd19799a2d0821b28a45fbe47fd333223eb84327f0",
    "https://deno.land/std@0.218.2/async/retry.ts": "718335f89d1fbd2156109b05d2399a2b47c848a5a8f7237640538902526b38f7",
    "https://deno.land/std@0.218.2/async/tee.ts": "34373c58950b7ac5950632dc8c9908076abeefcc9032d6299fff92194c284fbd",
    "https://deno.land/std@0.218.2/bytes/concat.ts": "9cac3b4376afbef98ff03588eb3cf948e0d1eb6c27cfe81a7651ab6dd3adc54a",
    "https://deno.land/std@0.218.2/crypto/_fnv/fnv32.ts": "ba2c5ef976b9f047d7ce2d33dfe18671afc75154bcf20ef89d932b2fe8820535",
    "https://deno.land/std@0.218.2/crypto/_fnv/fnv64.ts": "580cadfe2ff333fe253d15df450f927c8ac7e408b704547be26aab41b5772558",
    "https://deno.land/std@0.218.2/crypto/_fnv/mod.ts": "8dbb60f062a6e77b82f7a62ac11fabfba52c3cd408c21916b130d8f57a880f96",
    "https://deno.land/std@0.218.2/crypto/_fnv/util.ts": "27b36ce3440d0a180af6bf1cfc2c326f68823288540a354dc1d636b781b9b75f",
    "https://deno.land/std@0.218.2/crypto/_wasm/lib/deno_std_wasm_crypto.generated.mjs": "76c727912539737def4549bb62a96897f37eb334b979f49c57b8af7a1617635e",
    "https://deno.land/std@0.218.2/crypto/_wasm/mod.ts": "c55f91473846827f077dfd7e5fc6e2726dee5003b6a5747610707cdc638a22ba",
    "https://deno.land/std@0.218.2/crypto/crypto.ts": "b7bacddd990ad4193556697b88c7291ed61edc145fafbc060559984f3e8e4977",
    "https://deno.land/std@0.218.2/uuid/_common.ts": "05c787c5735776c4e48e30294878332c39cb7738f50b209df4eb9f2b0facce4d",
    "https://deno.land/std@0.218.2/uuid/constants.ts": "eb6c96871e968adf3355507d7ae79adce71525fd6c1ca55c51d32ace0196d64e",
    "https://deno.land/std@0.218.2/uuid/mod.ts": "b9cb1cf73c3d87e15817486df7e885a63b74a7384768a927c708ccd045fcbf78",
    "https://deno.land/std@0.218.2/uuid/v1.ts": "a089755e9ba5a172f3d568b617164d4692bd71e548b018e039d1bcb17d4f1bb6",
    "https://deno.land/std@0.218.2/uuid/v3.ts": "aff081baee55498ed5804d006735a77b252ac1645e3b418058807218371de577",
    "https://deno.land/std@0.218.2/uuid/v4.ts": "1319a2eeff7259adda416ec5f7997ded80d3165ef0787012793fc8621c18c493",
    "https://deno.land/std@0.218.2/uuid/v5.ts": "f6771dc89e89f26e74a9b51d25d6b711c27d2ddf3a3650312dd46e7edfe2491e",
    "https://deno.land/std@0.91.0/encoding/base64.ts": "eecae390f1f1d1cae6f6c6d732ede5276bf4b9cd29b1d281678c054dc5cc009e",
    "https://deno.land/std@0.91.0/encoding/hex.ts": "f952e0727bddb3b2fd2e6889d104eacbd62e92091f540ebd6459317a61932d9b",
    "https://deno.land/std@0.91.0/hash/_wasm/hash.ts": "cb6ad1ab429f8ac9d6eae48f3286e08236d662e1a2e5cfd681ba1c0f17375895",
    "https://deno.land/std@0.91.0/hash/_wasm/wasm.js": "94b1b997ae6fb4e6d2156bcea8f79cfcd1e512a91252b08800a92071e5e84e1a",
    "https://deno.land/std@0.91.0/hash/hasher.ts": "57a9ec05dd48a9eceed319ac53463d9873490feea3832d58679df6eec51c176b",
    "https://deno.land/std@0.91.0/hash/mod.ts": "5d032bd34186cda2f8d17fc122d621430953a6030d4b3f11172004715e3e2441",
    "https://deno.land/x/exec@0.0.5/mod.ts": "2a71f7e23e25be883275b22d872bbd2c3dfa3058934f1f156c8663fb81f5894f",
    "https://deno.land/x/get_ip@v2.0.0/mod.ts": "8a967dece886ddf7f7bf6c8d6000c98a4ff374834a90a4e0fde868ce4301873d",
    "https://deno.land/x/input@2.0.3/history.ts": "3cad3fee1e2f86d4202ca6ab49f1a5609aff2323ff762cc637e1da3edbef9608",
    "https://deno.land/x/input@2.0.3/index.ts": "f9539661733886f9497873a640a79be4f996ea2d40408b68e74691353f5a5539",
    "https://deno.land/x/input@2.0.3/printer.ts": "60339de0f3d98ca9ad2cb4e3b047d0b680e27ed7ceb987d82d96fc00f7ab04d1",
    "https://deno.land/x/input@2.0.3/types.ts": "915079a7187073c9c9c99863ab4e4a4c7341e25bf5d4a2e02c33f8b896dd0c69",
    "https://deno.land/x/mimetypes@v1.0.0/mod.ts": "abd1ea614b32cfa7fd50b46f6e070617696664698b8a34935dc807f3035ad408",
    "https://deno.land/x/mimetypes@v1.0.0/src/mime.ts": "7cd7590eae6127dc1abfe710900fc749e94d5c715ffe8a148e59fe20ee21a9a5",
    "https://deno.land/x/reflect_metadata@v0.1.12/Reflect.ts": "eced7b7e642853c6fb9a209f96ddd1932ab1e0fc3c514705c87d56169c8fe260",
    "https://deno.land/x/reflect_metadata@v0.1.12/mod.ts": "8b5e3b20f1e604c118df433e84a409b1d5116e885001047134cc42ecf84fa2cd",
    "https://dev.cdn.unyt.org/unyt_core/VERSION.ts": "ca02332766074ec3a0dd1f6814c1f913e627076bc91d885025cf4681fbf12dcb",
    "https://dev.cdn.unyt.org/unyt_core/compiler/binary_codes.ts": "e88c1ac8145141eda3f14568efc1b984c5e769349c7153105419b342c3fe1f40",
    "https://dev.cdn.unyt.org/unyt_core/compiler/compiler.ts": "85dbbf5258a77bcc6911647d6ca8ca4d12a5b052d26fa782b8a8da2034893e42",
    "https://dev.cdn.unyt.org/unyt_core/compiler/protocol_types.ts": "e4d4dc21ed2d4a67cb251d92f1aff319f0193952f5b963e7d9e625a3983843cc",
    "https://dev.cdn.unyt.org/unyt_core/compiler/tokens_regex.ts": "632e87ca07cc0d56cfa8a2a9b77248a296c775f04c6b235060407adbdcc343ee",
    "https://dev.cdn.unyt.org/unyt_core/compiler/unit_codes.ts": "bc9b15229cab9913f9b01af749433e681dc2b5e0df552c109d9c4f17e66eb6e9",
    "https://dev.cdn.unyt.org/unyt_core/datex.ts": "71bb6d0b4d50df4678bc156480f58cf0b65389199ab24d8c4d6aabfb1e2e2b2f",
    "https://dev.cdn.unyt.org/unyt_core/datex_all.ts": "88c70810290283c8aa6d898d30629eb864acebb9be72e7f92ce9317ae845817c",
    "https://dev.cdn.unyt.org/unyt_core/datex_short.ts": "a218074299715530ef9dcdacc809d01971499fd029f913a3080358e3ca640ea3",
    "https://dev.cdn.unyt.org/unyt_core/functions.ts": "b380199a40811143d880b9330f5aa841015105e77f74c4ced1f98d8e1249c536",
    "https://dev.cdn.unyt.org/unyt_core/init.ts": "761ab9deb3e3a6f2c60dde2cb37946df0379b957ff1323922e614d9fabcabf1a",
    "https://dev.cdn.unyt.org/unyt_core/js_adapter/decorators.ts": "12fa32c0be8a55078e178750f82b4046c214b8a63c75f871361e396196597b1a",
    "https://dev.cdn.unyt.org/unyt_core/js_adapter/js_class_adapter.ts": "bc58c32b650c81cda788846bdb2a6e0e62c1d9559168b7d3f554afd66d6d6550",
    "https://dev.cdn.unyt.org/unyt_core/lib/localforage/drivers/indexeddb.js": "94a6cfe0f3bfbe677bae59127c991405d68c4c54ae4d3dbbdb56072a471ece02",
    "https://dev.cdn.unyt.org/unyt_core/lib/localforage/drivers/localstorage.js": "62f07f7063c3ff385f307b0cf84f8daf10e3896b623e720c39ee5daab68863d1",
    "https://dev.cdn.unyt.org/unyt_core/lib/localforage/drivers/websql.js": "5c69bdff0af1cbc3103feb76964490817e221091dc3ae573c8f9a94a78437609",
    "https://dev.cdn.unyt.org/unyt_core/lib/localforage/localforage.js": "8bde4fb43ce0bfe34b9f7b7362be63a9674628192718af25b7eabfc2ba7da385",
    "https://dev.cdn.unyt.org/unyt_core/lib/localforage/utils/createBlob.js": "14dd379f079966554b93c6982f6a57b6334d39d500d14592a90a25f057ffb1a0",
    "https://dev.cdn.unyt.org/unyt_core/lib/localforage/utils/executeCallback.js": "385bde0bcbeb7bb0916a18f9fa13e087bef6e8c73322c6cea921a7d2a9faaf76",
    "https://dev.cdn.unyt.org/unyt_core/lib/localforage/utils/executeTwoCallbacks.js": "0ab6f19a2645c8af6657c55faba1760de0510706d5f0ad7c433a9a28a8f22b8b",
    "https://dev.cdn.unyt.org/unyt_core/lib/localforage/utils/getCallback.js": "7c6d36433132aa416fce88915f004fa4a5520a70bb6c3cc775b1da9373bba25b",
    "https://dev.cdn.unyt.org/unyt_core/lib/localforage/utils/idb.js": "1e7f31e75cab1bd86f475db87faa3b469b07b24503d60840a4902b7b4c38f768",
    "https://dev.cdn.unyt.org/unyt_core/lib/localforage/utils/includes.js": "6a2598464f6b0ada6d9442b86c6339aa307a155b9be15eaea38c5d343da8c5ce",
    "https://dev.cdn.unyt.org/unyt_core/lib/localforage/utils/isArray.js": "33b7af80a36b73e20fb8464e91d4a398477d4ea47a7f8f077dafd99e53d647fb",
    "https://dev.cdn.unyt.org/unyt_core/lib/localforage/utils/isIndexedDBValid.js": "758336bc6f5630f74b2c902de4f56f0bed015d71369e0d67bd4fbf480607cd57",
    "https://dev.cdn.unyt.org/unyt_core/lib/localforage/utils/isLocalStorageValid.js": "64e1fa95986ff2dc2aa66b6f064ac72bc06cc56fa28d3c3dd0ea18cc5aa0df7c",
    "https://dev.cdn.unyt.org/unyt_core/lib/localforage/utils/isWebSQLValid.js": "a2cb2bc344ad4fc3d9bd66e59b03765d15e5695896be5ef43ddf7c00c8005090",
    "https://dev.cdn.unyt.org/unyt_core/lib/localforage/utils/normalizeKey.js": "57ed80a6f574511682e1575ebcb8cfe57652bddb36252642372168312d054082",
    "https://dev.cdn.unyt.org/unyt_core/lib/localforage/utils/promise.js": "553a6e73bfe59e43390c7f88514574d4284eef5e34ce7cdbf93c3d9c6347c559",
    "https://dev.cdn.unyt.org/unyt_core/lib/localforage/utils/serializer.js": "5960c40deb26d81ca4841c9fe829a5305ea09bfd3d9deb6c1d74875934923b03",
    "https://dev.cdn.unyt.org/unyt_core/lib/marked.js": "0a1fa6c8bbe5f691c8d5bed2041fdfb9e22494bd3caca2cbc076cb142c19b014",
    "https://dev.cdn.unyt.org/unyt_core/mod.ts": "6750bfd667dc516d8d14a9e27504f39e6da192f8ba7a938590db8922bcb918a8",
    "https://dev.cdn.unyt.org/unyt_core/network/blockchain_adapter.ts": "91b5a6a5dff1c26783bbcb9a628c6e3577c877b64007fdf0166f5c081f5cdaf2",
    "https://dev.cdn.unyt.org/unyt_core/network/communication-hub.ts": "874fb910c706944991b13e5047e3afc19ccc5536d13d38082c5e848347a7c578",
    "https://dev.cdn.unyt.org/unyt_core/network/communication-interface.ts": "328a715e6710144911626c30a29ee56f62985760138ee8678e02816df77e0db9",
    "https://dev.cdn.unyt.org/unyt_core/network/communication-interfaces/local-loopback-interface.ts": "1f82bc942c0e2266a64827b8d8316562b2f7704de591c3f55153718967b4c45e",
    "https://dev.cdn.unyt.org/unyt_core/network/communication-interfaces/websocket-client-interface.ts": "0552dbc5eaeaf042aeda9b0363dd9750925570bca91fdf0d49ab332ba724ba14",
    "https://dev.cdn.unyt.org/unyt_core/network/communication-interfaces/websocket-interface.ts": "b0f9008f48c2805c293feb5ffbb991482d997539a96bac108d36bb98369bbc18",
    "https://dev.cdn.unyt.org/unyt_core/network/datex-http-channel.ts": "9fdd46c55ae56b4e17300a3cf8139961687ba3fff4ad723e982cebd1cd6cc3a8",
    "https://dev.cdn.unyt.org/unyt_core/network/network_utils.ts": "ecf26e1ed96db973aa3c6fcb42db00645df9e5ebba9d39fa08113c9d834dd743",
    "https://dev.cdn.unyt.org/unyt_core/network/supranet.ts": "24bf12529fd770e1af84a417dcf2a50b51e60b707fe5d263938a20f119c4228d",
    "https://dev.cdn.unyt.org/unyt_core/network/unyt.ts": "b8b5798293cd129dc8d20383918b6fd5253ae06a82b1e16260c64766f78a34af",
    "https://dev.cdn.unyt.org/unyt_core/runtime/cache_path.ts": "9ddd39ac5fe6b45e71189a4aad31b928a29552fc01134c4dca618001fe8d8d6e",
    "https://dev.cdn.unyt.org/unyt_core/runtime/cli.ts": "a4811ce51a337057420b590d80c943d38c42a5a086198029ae40bfc850b2fbdc",
    "https://dev.cdn.unyt.org/unyt_core/runtime/constants.ts": "3e19c703ead7de018bba03edf1b0f4a2d30ad274e7bc22630a3d7b2f743a755e",
    "https://dev.cdn.unyt.org/unyt_core/runtime/crypto.ts": "4031650c358bcd0fc448e95ea248afa84442362a46048ffecbb20ce97aea3bb0",
    "https://dev.cdn.unyt.org/unyt_core/runtime/debugger.ts": "ad1b12229b5d8749107e12a5b6c157b4d65e675e53c3182dc4c01cee75efe9b7",
    "https://dev.cdn.unyt.org/unyt_core/runtime/display.ts": "40d5a5c19e32db7d16e11fc19acf786e3855d4823c506e1ac8567b9852a81753",
    "https://dev.cdn.unyt.org/unyt_core/runtime/endpoint_config.ts": "28111e1919110712601f0d1ff8c1a1f230b532c84658b3688a1847ddfcfc7751",
    "https://dev.cdn.unyt.org/unyt_core/runtime/io_handler.ts": "bc4b8d4613e6786535b4115f3113b7c45dbc5a0a37a65a0351590b825970169e",
    "https://dev.cdn.unyt.org/unyt_core/runtime/js_interface.ts": "409a417f4da6670d36946189f0595c5c35b02f365c98c5437bedaba69a2e41e7",
    "https://dev.cdn.unyt.org/unyt_core/runtime/lazy-pointer.ts": "8649bf4d88eb56949b3db1d1ed33e36e22946e2d0d8ed8a8dfe1ba4ea56a0365",
    "https://dev.cdn.unyt.org/unyt_core/runtime/performance_measure.ts": "ec6a72315c9e0924abbb9c9667edd1dfc28245d8b2b743332a8f0997f2fc6b4d",
    "https://dev.cdn.unyt.org/unyt_core/runtime/pointers.ts": "a9da042e153ab5c20285c4c44c8bc99d6d973f517dda905d8593f2e1afa84800",
    "https://dev.cdn.unyt.org/unyt_core/runtime/runtime.ts": "1c2cee40c363b5739b7f9b23014c20d42804a94178af6e642ecc5bd1431b756b",
    "https://dev.cdn.unyt.org/unyt_core/storage/storage-locations/deno-kv.ts": "c457114a9fda19acb73e4e7f9f6e92abec9ecc30b255e39ca487233c6555acf7",
    "https://dev.cdn.unyt.org/unyt_core/storage/storage-locations/indexed-db.ts": "e54277691028cf3fbd1682900d98f4b583184fe62a6d3bddf338422f0f42515c",
    "https://dev.cdn.unyt.org/unyt_core/storage/storage-locations/local-storage-compat.ts": "d49a9ef4a95bf875c213964681362d896545116a3859141859222f342475eb79",
    "https://dev.cdn.unyt.org/unyt_core/storage/storage-locations/local-storage.ts": "8abad8288c38090e2b615bb83b06300a397aba86d3481f8ef7f5468e0f87eb0c",
    "https://dev.cdn.unyt.org/unyt_core/storage/storage.ts": "ef969269a0a832cbe77c664837669350d5647526db044f7d4cd0c673cecf1d51",
    "https://dev.cdn.unyt.org/unyt_core/types/abstract_types.ts": "04ad3192b3b0973fdf28f730dd6f16feb63b6d9ea0963e280d035889d8abb0c8",
    "https://dev.cdn.unyt.org/unyt_core/types/addressing.ts": "522d4ae05b67f9a2da7601eb6cf22401268bea013a5471ce804ccbedccaf714f",
    "https://dev.cdn.unyt.org/unyt_core/types/assertion.ts": "ffa9614cf4ad904df1007d0a6441788eceb3347d26791771372c17b9249ea2ce",
    "https://dev.cdn.unyt.org/unyt_core/types/deferred.ts": "eb308e59468c7ca5bd3179e4aa86b5c73d7c4de60d1d656a6c244e3414e61e0d",
    "https://dev.cdn.unyt.org/unyt_core/types/error_codes.ts": "e4c8c23a07a5e71c70a6c2769de73f45547a4086152155b84ac080699bfb02ea",
    "https://dev.cdn.unyt.org/unyt_core/types/errors.ts": "2a847093e64705a8837be14f93f2810f4438953edc80a653a1b56f66aea8757d",
    "https://dev.cdn.unyt.org/unyt_core/types/function-utils.ts": "c8040eb9ed67fd3af9bda5966693d815243845948c07100f553a4192c71ec36e",
    "https://dev.cdn.unyt.org/unyt_core/types/function.ts": "facbfd050df3c73076e9f280f0a00c48f63eb631c665e6f52738e0dfb286b81a",
    "https://dev.cdn.unyt.org/unyt_core/types/iterator.ts": "f59386c4730f877f7ebd5a9ea77c6a89c6b8e6523a530f27d8a31175015da020",
    "https://dev.cdn.unyt.org/unyt_core/types/js-function.ts": "b3300910934f617671c972dacb37f80a38590ce91505ba70e7b2cb8dc994f480",
    "https://dev.cdn.unyt.org/unyt_core/types/logic.ts": "b60c9935897986cb4a7c39f53cd2e9c1f7daa8093c344cc69ab09ffd5527bd1a",
    "https://dev.cdn.unyt.org/unyt_core/types/markdown.ts": "7c762ad0c64eea3495f13371551424d971cc3d98eba09464f07f5ac3c1417fb6",
    "https://dev.cdn.unyt.org/unyt_core/types/native_types.ts": "755e789956828afa344b4ed7846a36ff383cc8e1549fa79b822cec42b440569d",
    "https://dev.cdn.unyt.org/unyt_core/types/object.ts": "9711f523ae51ebf53f992837e921dbe7b572f4150a1379a6ac6d0b240ed978dd",
    "https://dev.cdn.unyt.org/unyt_core/types/quantity.ts": "27746882b141fb5f007219788ce839429c99c52d35bda7b44af9131e4955358d",
    "https://dev.cdn.unyt.org/unyt_core/types/reactive-methods/array.ts": "e8877a11e173e5cf73789d76e517106d2ce4573daac315020053790f3ebb21ce",
    "https://dev.cdn.unyt.org/unyt_core/types/reactive-methods/map.ts": "8081929ad6d509615dda1978af6625c1e74aa4d7bee089981ce8a296c0a65eff",
    "https://dev.cdn.unyt.org/unyt_core/types/scope.ts": "4bf20285be521b142c735cfedf779a68a4315940f4b4deeb4d1f2ca3d322d7eb",
    "https://dev.cdn.unyt.org/unyt_core/types/storage-map.ts": "4bb69f620093ce37433f8f1eb18035cffa4241b51e0ea0665ba08cd474d4f2dc",
    "https://dev.cdn.unyt.org/unyt_core/types/storage-set.ts": "71512eb797916ef3a98c5e101bf7befdcbd3fda91c4d189d6044bd69d49b4d07",
    "https://dev.cdn.unyt.org/unyt_core/types/storage_set.ts": "0c2ff5e667891461079c2fd50533873ace42d8351fa60a640e39735ea76b7b02",
    "https://dev.cdn.unyt.org/unyt_core/types/stream.ts": "fe705222631bf8abad019fe7c4f2edf5030dd7459e340038e671d021c5ba27ff",
    "https://dev.cdn.unyt.org/unyt_core/types/struct.ts": "813a096287e42f16489bf1bb243984bfa9659157d51301f1a626a74be61912ed",
    "https://dev.cdn.unyt.org/unyt_core/types/task.ts": "b5073e9682ca9cb93b44646e0fbe7896f96cd369d151a94d2d11728e5d7e2da9",
    "https://dev.cdn.unyt.org/unyt_core/types/time.ts": "c5d768dcf1f22c5e99929654a47ee800e79a92bca5d60d046b23d646e0ff3f8b",
    "https://dev.cdn.unyt.org/unyt_core/types/tuple.ts": "798c635102d46f4c29903f82fb50cd1f6c0449eb0090654ae08e59e9ae98a80e",
    "https://dev.cdn.unyt.org/unyt_core/types/type.ts": "02864b2b417e5e49d0bad1aecec6ca2a8024bf7040b12845c304e70161208afb",
    "https://dev.cdn.unyt.org/unyt_core/utils/_command_line_options.ts": "b6ac395803c34fc69c59a853769d44770bda4da6bad6904ae65fbdca6ccbe308",
    "https://dev.cdn.unyt.org/unyt_core/utils/ansi_compat.ts": "d220d4387c98d6bb1fb2422b7e40f5bbdcfcf7f198f087460ab27712020baed8",
    "https://dev.cdn.unyt.org/unyt_core/utils/args.ts": "35d5e9750935fd60519180deb3c6e99f7f4fe639258b12a68ce2999e1aee9fbb",
    "https://dev.cdn.unyt.org/unyt_core/utils/auto_map.ts": "030496a476b889b43fad9b12d3b04d7f9e87b901766f5615066726bdcb1dd93f",
    "https://dev.cdn.unyt.org/unyt_core/utils/caller_metadata.ts": "57f79bff64cfb24749cdebec41230a416a32e8d0e80c319096e653778e7a5fde",
    "https://dev.cdn.unyt.org/unyt_core/utils/constants.ts": "a7992c1dbb4d28a22c52d02281564f0236508217cc1b7a035ff0e95988fa83cb",
    "https://dev.cdn.unyt.org/unyt_core/utils/cookies.ts": "4875c1a2739c07ce9b6f4a72806fa67d2c414d1cb3b0cd8b3d71ce6df18b14ba",
    "https://dev.cdn.unyt.org/unyt_core/utils/debug-cookie.ts": "81c2b9ec6a0503a967998273022f66f61a8eb160478c349843f4c80aaa201609",
    "https://dev.cdn.unyt.org/unyt_core/utils/error-reporting.ts": "6caaa2dd93dd445034e7aafc0b6a461010555225e21f0bd51b6a5cd64ec95599",
    "https://dev.cdn.unyt.org/unyt_core/utils/eternals.ts": "e765fdab5e147ae6d3508eb56069b227ca39a20e30e8eeeab82a88b568ef16c6",
    "https://dev.cdn.unyt.org/unyt_core/utils/format-endpoint-url.ts": "d581d10140d928f691abb59ffdb151277fd1adbaf1cef1a1af85876f6e2d464b",
    "https://dev.cdn.unyt.org/unyt_core/utils/global_types.ts": "aede78063eb8d9897ecd0f214d95b8144ea45891eb9611ec1f2e533bce7f30c6",
    "https://dev.cdn.unyt.org/unyt_core/utils/global_values.ts": "d73efa6efa6b1d583e502c7a429c7ba313116a544082a0143d2caf98392ffaba",
    "https://dev.cdn.unyt.org/unyt_core/utils/isolated-scope.ts": "814e356590f2dd8b9aae3d602da64f05fd0b905a5fb4dd49d93d22252015c1d5",
    "https://dev.cdn.unyt.org/unyt_core/utils/iterable-handler.ts": "2f442e8a4646db3dc8b96b256e8518ae57a88f0f98cd091d59559254b0c0a035",
    "https://dev.cdn.unyt.org/unyt_core/utils/iterable-weak-map.ts": "0d01d06d3d6a5205cea478c468b0fce205aadf91b28f0194424f4a1e314552ff",
    "https://dev.cdn.unyt.org/unyt_core/utils/iterable-weak-set.ts": "f5e27d4031e5836e0ce46371cb48b138d8c83ca0e1cebb5f8ec1f67f8648e7b0",
    "https://dev.cdn.unyt.org/unyt_core/utils/local_files.ts": "ff90c8d3480bfdb0e6021bdb01aff189867017a3514595bd2303308274ebfcfc",
    "https://dev.cdn.unyt.org/unyt_core/utils/logger.ts": "aa85166b56f2c8f521db05439e950c3debdb608b16a314936add9adceb8ecd59",
    "https://dev.cdn.unyt.org/unyt_core/utils/match.ts": "ddeed31e9a591fc12bba7ced3d7cc2b749aa7e0ad4b81bf3b286e1484d423f9a",
    "https://dev.cdn.unyt.org/unyt_core/utils/message_logger.ts": "ddeb69833dead38d5504117149dafa8d33f2b7828df9f3415c958737a3fdb71e",
    "https://dev.cdn.unyt.org/unyt_core/utils/normalize-path.ts": "1f3fea7a349600fec02ea434fd18ef34476e59f977c09a00146702e71e92d342",
    "https://dev.cdn.unyt.org/unyt_core/utils/observers.ts": "df82f2dfbc0189d7f3f6d1f21461ac4a329a6dbbd7ec1bd72d3cd2f5afada9a6",
    "https://dev.cdn.unyt.org/unyt_core/utils/path.ts": "1a6a91c4d36b2e8249bfc6f2341ca07e397cad256d96f2f8a285871dd3d47147",
    "https://dev.cdn.unyt.org/unyt_core/utils/persistent-listeners.ts": "8ab5b2750c8104caae00e275a33655868afbc76eee3807523d09f93315509898",
    "https://dev.cdn.unyt.org/unyt_core/utils/polyfills.ts": "93b7f96ca03cf99df0081368e101b90dc36755352de798687668c83d4dd90002",
    "https://dev.cdn.unyt.org/unyt_core/utils/promises.ts": "b43d38724a2fd42d1d0a3cc479bc21f7a75ccee872f680c46f50e99839e17803",
    "https://dev.cdn.unyt.org/unyt_core/utils/sha256.ts": "52bfee6d3276da5fad865886a323198827c2c86e6491711f4875c5fa50be2248",
    "https://dev.cdn.unyt.org/unyt_core/utils/utils.ts": "4700b8f6dddbfb80d6465f437bf327c761f0b460fb59cbc92c129d2e35ef8714",
    "https://dev.cdn.unyt.org/unyt_core/utils/volatile-map.ts": "c60551a48b4900b8e29f0601c2d5cc9f9f0063b86e1d8a70c5a4369faa2b11cc",
    "https://dev.cdn.unyt.org/unyt_core/utils/weak-action.ts": "1b792c3992e54a72b0d3b89eccf5fbe8fa3b11f0b545f0551eaef1f0ae684345",
    "https://dev.cdn.unyt.org/unyt_core/wasm/adapter/pkg/datex_wasm.js": "e9416983fb275de1cd28849c3cb85ba3d3be05032e9246c73fe217e7a2d422c5"
  }
}
