{
  "version": "4",
  "redirects": {
    "https://deno.land/std/async/mod.ts": "https://deno.land/std@0.224.0/async/mod.ts",
    "https://deno.land/std/uuid/mod.ts": "https://deno.land/std@0.224.0/uuid/mod.ts"
  },
  "remote": {
    "https://deno.land/std@0.168.0/_util/asserts.ts": "d0844e9b62510f89ce1f9878b046f6a57bf88f208a10304aab50efcb48365272",
    "https://deno.land/std@0.168.0/flags/mod.ts": "4f50ec6383c02684db35de38b3ffb2cd5b9fcfcc0b1147055d1980c49e82521c",
    "https://deno.land/std@0.172.0/_util/asserts.ts": "178dfc49a464aee693a7e285567b3d0b555dc805ff490505a8aae34f9cfb1462",
    "https://deno.land/std@0.172.0/_util/os.ts": "d932f56d41e4f6a6093d56044e29ce637f8dcc43c5a90af43504a889cf1775e3",
    "https://deno.land/std@0.172.0/path/_constants.ts": "e49961f6f4f48039c0dfed3c3f93e963ca3d92791c9d478ac5b43183413136e0",
    "https://deno.land/std@0.172.0/path/_interface.ts": "6471159dfbbc357e03882c2266d21ef9afdb1e4aa771b0545e90db58a0ba314b",
    "https://deno.land/std@0.172.0/path/_util.ts": "86c2375a996c1931b2f2ac71fefd5ddf0cf0e579fa4ab12d3e4c552d4223b8d8",
    "https://deno.land/std@0.172.0/path/common.ts": "ee7505ab01fd22de3963b64e46cff31f40de34f9f8de1fff6a1bd2fe79380000",
    "https://deno.land/std@0.172.0/path/glob.ts": "d479e0a695621c94d3fd7fe7abd4f9499caf32a8de13f25073451c6ef420a4e1",
    "https://deno.land/std@0.172.0/path/mod.ts": "4b83694ac500d7d31b0cdafc927080a53dc0c3027eb2895790fb155082b0d232",
    "https://deno.land/std@0.172.0/path/posix.ts": "0874b341c2c6968ca38d323338b8b295ea1dae10fa872a768d812e2e7d634789",
    "https://deno.land/std@0.172.0/path/separator.ts": "0fb679739d0d1d7bf45b68dacfb4ec7563597a902edbaf3c59b50d5bcadd93b1",
    "https://deno.land/std@0.172.0/path/win32.ts": "672942919dd66ce1b8c224e77d3447e2ad8254eaff13fe6946420a9f78fa141e",
    "https://deno.land/std@0.224.0/assert/assert.ts": "09d30564c09de846855b7b071e62b5974b001bb72a4b797958fe0660e7849834",
    "https://deno.land/std@0.224.0/assert/assertion_error.ts": "ba8752bd27ebc51f723702fac2f54d3e94447598f54264a6653d6413738a8917",
    "https://deno.land/std@0.224.0/async/_util.ts": "3e94e674c974c5c9277f6b3ba2d4e8403c320ba5cebb891f50afa3af4b8e0ac9",
    "https://deno.land/std@0.224.0/async/abortable.ts": "ea6ddb98c1c6f066d5b26c8fd030e2d5afa54571182674aa07929c39dfa8c5b2",
    "https://deno.land/std@0.224.0/async/deadline.ts": "008929d69b1efdd11b1fa55784bb4882add6adf8722868b26e87f68e35efc573",
    "https://deno.land/std@0.224.0/async/debounce.ts": "e7bcccb17b6fe34646ac5d37c2a6d3830ca049e7e3534d2aace4001596f42eff",
    "https://deno.land/std@0.224.0/async/delay.ts": "f90dd685b97c2f142b8069082993e437b1602b8e2561134827eeb7c12b95c499",
    "https://deno.land/std@0.224.0/async/mod.ts": "ae2b6869ad7563f825e037e02c263507da4a55563b4a0bcd9079d2c3eb2670a2",
    "https://deno.land/std@0.224.0/async/mux_async_iterator.ts": "8d960e951c7bf6cb682522c2ebf5bd3e738b27c6a7ac9500ab64d27054930972",
    "https://deno.land/std@0.224.0/async/pool.ts": "2b972e3643444b73f6a8bcdd19799a2d0821b28a45fbe47fd333223eb84327f0",
    "https://deno.land/std@0.224.0/async/retry.ts": "29025b09259c22123c599b8c957aeff2755854272954776dc9a5846c72ea4cfe",
    "https://deno.land/std@0.224.0/async/tee.ts": "34373c58950b7ac5950632dc8c9908076abeefcc9032d6299fff92194c284fbd",
    "https://deno.land/std@0.224.0/bytes/concat.ts": "86161274b5546a02bdb3154652418efe7af8c9310e8d54107a68aaa148e0f5ed",
    "https://deno.land/std@0.224.0/crypto/_wasm/lib/deno_std_wasm_crypto.generated.mjs": "7cd490ae1553c97459bd02de4c3f0a552768a85621949b2366003f3cf84b99d7",
    "https://deno.land/std@0.224.0/crypto/_wasm/mod.ts": "e89fbbc3c4722602ff975dd85f18273c7741ec766a9b68f6de4fd1d9876409f8",
    "https://deno.land/std@0.224.0/crypto/crypto.ts": "e58d78f3db111a499261dbab037ec78cc89da0516a50e1f0205665980a3417e3",
    "https://deno.land/std@0.224.0/fs/_get_file_info_type.ts": "da7bec18a7661dba360a1db475b826b18977582ce6fc9b25f3d4ee0403fe8cbd",
    "https://deno.land/std@0.224.0/fs/_is_subdir.ts": "c68b309d46cc8568ed83c000f608a61bbdba0943b7524e7a30f9e450cf67eecd",
    "https://deno.land/std@0.224.0/fs/_to_path_string.ts": "29bfc9c6c112254961d75cbf6ba814d6de5349767818eb93090cecfa9665591e",
    "https://deno.land/std@0.224.0/fs/copy.ts": "7ab12a16adb65d155d4943c88081ca16ce3b0b5acada64c1ce93800653678039",
    "https://deno.land/std@0.224.0/fs/ensure_dir.ts": "51a6279016c65d2985f8803c848e2888e206d1b510686a509fa7cc34ce59d29f",
    "https://deno.land/std@0.224.0/path/_common/assert_path.ts": "dbdd757a465b690b2cc72fc5fb7698c51507dec6bfafce4ca500c46b76ff7bd8",
    "https://deno.land/std@0.224.0/path/_common/basename.ts": "569744855bc8445f3a56087fd2aed56bdad39da971a8d92b138c9913aecc5fa2",
    "https://deno.land/std@0.224.0/path/_common/constants.ts": "dc5f8057159f4b48cd304eb3027e42f1148cf4df1fb4240774d3492b5d12ac0c",
    "https://deno.land/std@0.224.0/path/_common/from_file_url.ts": "d672bdeebc11bf80e99bf266f886c70963107bdd31134c4e249eef51133ceccf",
    "https://deno.land/std@0.224.0/path/_common/normalize.ts": "684df4aa71a04bbcc346c692c8485594fc8a90b9408dfbc26ff32cf3e0c98cc8",
    "https://deno.land/std@0.224.0/path/_common/normalize_string.ts": "33edef773c2a8e242761f731adeb2bd6d683e9c69e4e3d0092985bede74f4ac3",
    "https://deno.land/std@0.224.0/path/_common/strip_trailing_separators.ts": "7024a93447efcdcfeaa9339a98fa63ef9d53de363f1fbe9858970f1bba02655a",
    "https://deno.land/std@0.224.0/path/_os.ts": "8fb9b90fb6b753bd8c77cfd8a33c2ff6c5f5bc185f50de8ca4ac6a05710b2c15",
    "https://deno.land/std@0.224.0/path/basename.ts": "7ee495c2d1ee516ffff48fb9a93267ba928b5a3486b550be73071bc14f8cc63e",
    "https://deno.land/std@0.224.0/path/constants.ts": "0c206169ca104938ede9da48ac952de288f23343304a1c3cb6ec7625e7325f36",
    "https://deno.land/std@0.224.0/path/from_file_url.ts": "911833ae4fd10a1c84f6271f36151ab785955849117dc48c6e43b929504ee069",
    "https://deno.land/std@0.224.0/path/join.ts": "ae2ec5ca44c7e84a235fd532e4a0116bfb1f2368b394db1c4fb75e3c0f26a33a",
    "https://deno.land/std@0.224.0/path/posix/_util.ts": "1e3937da30f080bfc99fe45d7ed23c47dd8585c5e473b2d771380d3a6937cf9d",
    "https://deno.land/std@0.224.0/path/posix/basename.ts": "d2fa5fbbb1c5a3ab8b9326458a8d4ceac77580961b3739cd5bfd1d3541a3e5f0",
    "https://deno.land/std@0.224.0/path/posix/from_file_url.ts": "951aee3a2c46fd0ed488899d024c6352b59154c70552e90885ed0c2ab699bc40",
    "https://deno.land/std@0.224.0/path/posix/join.ts": "7fc2cb3716aa1b863e990baf30b101d768db479e70b7313b4866a088db016f63",
    "https://deno.land/std@0.224.0/path/posix/normalize.ts": "baeb49816a8299f90a0237d214cef46f00ba3e95c0d2ceb74205a6a584b58a91",
    "https://deno.land/std@0.224.0/path/posix/resolve.ts": "08b699cfeee10cb6857ccab38fa4b2ec703b0ea33e8e69964f29d02a2d5257cf",
    "https://deno.land/std@0.224.0/path/resolve.ts": "a6f977bdb4272e79d8d0ed4333e3d71367cc3926acf15ac271f1d059c8494d8d",
    "https://deno.land/std@0.224.0/path/windows/_util.ts": "d5f47363e5293fced22c984550d5e70e98e266cc3f31769e1710511803d04808",
    "https://deno.land/std@0.224.0/path/windows/basename.ts": "6bbc57bac9df2cec43288c8c5334919418d784243a00bc10de67d392ab36d660",
    "https://deno.land/std@0.224.0/path/windows/from_file_url.ts": "ced2d587b6dff18f963f269d745c4a599cf82b0c4007356bd957cb4cb52efc01",
    "https://deno.land/std@0.224.0/path/windows/join.ts": "8d03530ab89195185103b7da9dfc6327af13eabdcd44c7c63e42e27808f50ecf",
    "https://deno.land/std@0.224.0/path/windows/normalize.ts": "78126170ab917f0ca355a9af9e65ad6bfa5be14d574c5fb09bb1920f52577780",
    "https://deno.land/std@0.224.0/path/windows/resolve.ts": "8dae1dadfed9d46ff46cc337c9525c0c7d959fb400a6308f34595c45bdca1972",
    "https://deno.land/std@0.224.0/uuid/_common.ts": "05c787c5735776c4e48e30294878332c39cb7738f50b209df4eb9f2b0facce4d",
    "https://deno.land/std@0.224.0/uuid/constants.ts": "eb6c96871e968adf3355507d7ae79adce71525fd6c1ca55c51d32ace0196d64e",
    "https://deno.land/std@0.224.0/uuid/mod.ts": "cefc8e2f77d9e493739c8dc4ec141b12b855414bf757e778bf9b00f783506b76",
    "https://deno.land/std@0.224.0/uuid/v1.ts": "cc45e7eb1d463d7d38b21a3c6e4de55ff98598ca442309321575fe841b323a54",
    "https://deno.land/std@0.224.0/uuid/v3.ts": "689f2d64a9460a75877a2eed94662d9cb31bedb890d72fce0d161ef47d66cc26",
    "https://deno.land/std@0.224.0/uuid/v4.ts": "1319a2eeff7259adda416ec5f7997ded80d3165ef0787012793fc8621c18c493",
    "https://deno.land/std@0.224.0/uuid/v5.ts": "75f76d9e53583572fe3d4893168530986222d439b1545b56d4493c6d5d1cd81d",
    "https://deno.land/std@0.91.0/encoding/base64.ts": "eecae390f1f1d1cae6f6c6d732ede5276bf4b9cd29b1d281678c054dc5cc009e",
    "https://deno.land/std@0.91.0/encoding/hex.ts": "f952e0727bddb3b2fd2e6889d104eacbd62e92091f540ebd6459317a61932d9b",
    "https://deno.land/std@0.91.0/hash/_wasm/hash.ts": "cb6ad1ab429f8ac9d6eae48f3286e08236d662e1a2e5cfd681ba1c0f17375895",
    "https://deno.land/std@0.91.0/hash/_wasm/wasm.js": "94b1b997ae6fb4e6d2156bcea8f79cfcd1e512a91252b08800a92071e5e84e1a",
    "https://deno.land/std@0.91.0/hash/mod.ts": "5d032bd34186cda2f8d17fc122d621430953a6030d4b3f11172004715e3e2441",
    "https://deno.land/x/caller_metadata@v0.0.3/src/main.ts": "2258e7eb41a54ac9a99058f40a487c6313232feafcb5f02f22d51fe6b526dd73",
    "https://deno.land/x/exec@0.0.5/mod.ts": "2a71f7e23e25be883275b22d872bbd2c3dfa3058934f1f156c8663fb81f5894f",
    "https://deno.land/x/get_ip@v2.0.0/mod.ts": "8a967dece886ddf7f7bf6c8d6000c98a4ff374834a90a4e0fde868ce4301873d",
    "https://deno.land/x/input@2.0.3/history.ts": "3cad3fee1e2f86d4202ca6ab49f1a5609aff2323ff762cc637e1da3edbef9608",
    "https://deno.land/x/input@2.0.3/index.ts": "f9539661733886f9497873a640a79be4f996ea2d40408b68e74691353f5a5539",
    "https://deno.land/x/input@2.0.3/printer.ts": "60339de0f3d98ca9ad2cb4e3b047d0b680e27ed7ceb987d82d96fc00f7ab04d1",
    "https://deno.land/x/input@2.0.3/types.ts": "915079a7187073c9c9c99863ab4e4a4c7341e25bf5d4a2e02c33f8b896dd0c69",
    "https://deno.land/x/mimetypes@v1.0.0/mod.ts": "abd1ea614b32cfa7fd50b46f6e070617696664698b8a34935dc807f3035ad408",
    "https://deno.land/x/mimetypes@v1.0.0/src/mime.ts": "7cd7590eae6127dc1abfe710900fc749e94d5c715ffe8a148e59fe20ee21a9a5",
    "https://deno.land/x/reflect_metadata@v0.1.12/Reflect.ts": "eced7b7e642853c6fb9a209f96ddd1932ab1e0fc3c514705c87d56169c8fe260",
    "https://deno.land/x/reflect_metadata@v0.1.12/mod.ts": "8b5e3b20f1e604c118df433e84a409b1d5116e885001047134cc42ecf84fa2cd",
    "https://dev.cdn.unyt.org/unyt_core/VERSION.ts": "ca02332766074ec3a0dd1f6814c1f913e627076bc91d885025cf4681fbf12dcb",
    "https://dev.cdn.unyt.org/unyt_core/compiler/binary_codes.ts": "e88c1ac8145141eda3f14568efc1b984c5e769349c7153105419b342c3fe1f40",
    "https://dev.cdn.unyt.org/unyt_core/compiler/compiler.ts": "c3ad1bacd75fd7a50b7636188158bd8c2395eafd1379328396187b3ec9805b55",
    "https://dev.cdn.unyt.org/unyt_core/compiler/protocol_types.ts": "e4d4dc21ed2d4a67cb251d92f1aff319f0193952f5b963e7d9e625a3983843cc",
    "https://dev.cdn.unyt.org/unyt_core/compiler/tokens_regex.ts": "632e87ca07cc0d56cfa8a2a9b77248a296c775f04c6b235060407adbdcc343ee",
    "https://dev.cdn.unyt.org/unyt_core/compiler/unit_codes.ts": "bc9b15229cab9913f9b01af749433e681dc2b5e0df552c109d9c4f17e66eb6e9",
    "https://dev.cdn.unyt.org/unyt_core/datex.ts": "71bb6d0b4d50df4678bc156480f58cf0b65389199ab24d8c4d6aabfb1e2e2b2f",
    "https://dev.cdn.unyt.org/unyt_core/datex_all.ts": "88c70810290283c8aa6d898d30629eb864acebb9be72e7f92ce9317ae845817c",
    "https://dev.cdn.unyt.org/unyt_core/datex_short.ts": "c8c7ded24fc37656a0e70f29bc258cc96c0ca0c2617f713b7a8ae9e366017de8",
    "https://dev.cdn.unyt.org/unyt_core/functions.ts": "280a1258437f0cb65710a17268e95f3cac9ee83980d16b8cc0dd383bf73e62c9",
    "https://dev.cdn.unyt.org/unyt_core/init.ts": "428ffa715c1464f7dfbcfc0b086720161e1930ade9f90ee5ad66beb8e435d24e",
    "https://dev.cdn.unyt.org/unyt_core/js_adapter/decorators.ts": "a5a8778a82d8f3b17ed27d697c8092d971a98806bbe811e0fbcd3a5914e995e3",
    "https://dev.cdn.unyt.org/unyt_core/js_adapter/js_class_adapter.ts": "28ff29e2753d8b434931a920edfccee0a61c2f4e9416bfe828ec77d2f2ec5e0a",
    "https://dev.cdn.unyt.org/unyt_core/lib/localforage/drivers/indexeddb.js": "94a6cfe0f3bfbe677bae59127c991405d68c4c54ae4d3dbbdb56072a471ece02",
    "https://dev.cdn.unyt.org/unyt_core/lib/localforage/drivers/localstorage.js": "62f07f7063c3ff385f307b0cf84f8daf10e3896b623e720c39ee5daab68863d1",
    "https://dev.cdn.unyt.org/unyt_core/lib/localforage/drivers/websql.js": "5c69bdff0af1cbc3103feb76964490817e221091dc3ae573c8f9a94a78437609",
    "https://dev.cdn.unyt.org/unyt_core/lib/localforage/localforage.js": "8bde4fb43ce0bfe34b9f7b7362be63a9674628192718af25b7eabfc2ba7da385",
    "https://dev.cdn.unyt.org/unyt_core/lib/localforage/utils/createBlob.js": "14dd379f079966554b93c6982f6a57b6334d39d500d14592a90a25f057ffb1a0",
    "https://dev.cdn.unyt.org/unyt_core/lib/localforage/utils/executeCallback.js": "385bde0bcbeb7bb0916a18f9fa13e087bef6e8c73322c6cea921a7d2a9faaf76",
    "https://dev.cdn.unyt.org/unyt_core/lib/localforage/utils/executeTwoCallbacks.js": "0ab6f19a2645c8af6657c55faba1760de0510706d5f0ad7c433a9a28a8f22b8b",
    "https://dev.cdn.unyt.org/unyt_core/lib/localforage/utils/getCallback.js": "7c6d36433132aa416fce88915f004fa4a5520a70bb6c3cc775b1da9373bba25b",
    "https://dev.cdn.unyt.org/unyt_core/lib/localforage/utils/idb.js": "1e7f31e75cab1bd86f475db87faa3b469b07b24503d60840a4902b7b4c38f768",
    "https://dev.cdn.unyt.org/unyt_core/lib/localforage/utils/includes.js": "6a2598464f6b0ada6d9442b86c6339aa307a155b9be15eaea38c5d343da8c5ce",
    "https://dev.cdn.unyt.org/unyt_core/lib/localforage/utils/isArray.js": "33b7af80a36b73e20fb8464e91d4a398477d4ea47a7f8f077dafd99e53d647fb",
    "https://dev.cdn.unyt.org/unyt_core/lib/localforage/utils/isIndexedDBValid.js": "758336bc6f5630f74b2c902de4f56f0bed015d71369e0d67bd4fbf480607cd57",
    "https://dev.cdn.unyt.org/unyt_core/lib/localforage/utils/isLocalStorageValid.js": "64e1fa95986ff2dc2aa66b6f064ac72bc06cc56fa28d3c3dd0ea18cc5aa0df7c",
    "https://dev.cdn.unyt.org/unyt_core/lib/localforage/utils/isWebSQLValid.js": "a2cb2bc344ad4fc3d9bd66e59b03765d15e5695896be5ef43ddf7c00c8005090",
    "https://dev.cdn.unyt.org/unyt_core/lib/localforage/utils/normalizeKey.js": "57ed80a6f574511682e1575ebcb8cfe57652bddb36252642372168312d054082",
    "https://dev.cdn.unyt.org/unyt_core/lib/localforage/utils/promise.js": "553a6e73bfe59e43390c7f88514574d4284eef5e34ce7cdbf93c3d9c6347c559",
    "https://dev.cdn.unyt.org/unyt_core/lib/localforage/utils/serializer.js": "5960c40deb26d81ca4841c9fe829a5305ea09bfd3d9deb6c1d74875934923b03",
    "https://dev.cdn.unyt.org/unyt_core/lib/marked.js": "0a1fa6c8bbe5f691c8d5bed2041fdfb9e22494bd3caca2cbc076cb142c19b014",
    "https://dev.cdn.unyt.org/unyt_core/mod.ts": "6750bfd667dc516d8d14a9e27504f39e6da192f8ba7a938590db8922bcb918a8",
    "https://dev.cdn.unyt.org/unyt_core/network/blockchain_adapter.ts": "2222c17db4ba8710718473ad61bb0b24981799e575eba13b7e74a15a5b711e89",
    "https://dev.cdn.unyt.org/unyt_core/network/communication-hub.ts": "4c80d051dbabb69fa3ed519a466d9d4f216f6b4a8b05bbd5248d799db6615ac0",
    "https://dev.cdn.unyt.org/unyt_core/network/communication-interface.ts": "9ce7f9d906e688ee31c247dba8496030e363b78326268200a6732efac7c0058c",
    "https://dev.cdn.unyt.org/unyt_core/network/communication-interfaces/local-loopback-interface.ts": "1f82bc942c0e2266a64827b8d8316562b2f7704de591c3f55153718967b4c45e",
    "https://dev.cdn.unyt.org/unyt_core/network/communication-interfaces/webrtc-interface.ts": "ed3ac73c2fab5f96cbaf23deddd5629d90bd2e139e854e579c5c7f0e824dd3cb",
    "https://dev.cdn.unyt.org/unyt_core/network/communication-interfaces/websocket-client-interface.ts": "0552dbc5eaeaf042aeda9b0363dd9750925570bca91fdf0d49ab332ba724ba14",
    "https://dev.cdn.unyt.org/unyt_core/network/communication-interfaces/websocket-interface.ts": "9cf5b4bc67bbd1640dfda5ad03e8f1a1d4d283afafd929ed906623a4130d927b",
    "https://dev.cdn.unyt.org/unyt_core/network/communication-interfaces/window-interface.ts": "98af9526c035cbee15d4d516d68ef6d367c74f425bf9201f24f0f33d9e208192",
    "https://dev.cdn.unyt.org/unyt_core/network/datex-http-channel.ts": "9fdd46c55ae56b4e17300a3cf8139961687ba3fff4ad723e982cebd1cd6cc3a8",
    "https://dev.cdn.unyt.org/unyt_core/network/network-interface.ts": "cda194ac74e8cb7778df6b4032df91da318da6aff929ecbe07a2ade8c1f97853",
    "https://dev.cdn.unyt.org/unyt_core/network/network_utils.ts": "ecf26e1ed96db973aa3c6fcb42db00645df9e5ebba9d39fa08113c9d834dd743",
    "https://dev.cdn.unyt.org/unyt_core/network/online-state.ts": "133186a036aa5820fef6e576563b79060c44e3e49ed6e25e4a7d09a1ddcaeb24",
    "https://dev.cdn.unyt.org/unyt_core/network/supranet.ts": "8e4cef78a50ebc910fe0f802cb249f8e221e95894ee04a3c6a6c3c5bb140b9de",
    "https://dev.cdn.unyt.org/unyt_core/network/unyt.ts": "2e74e4f6e97a57babadca21727556589614eb2eca6b06271c529c1a3c2ee4cb4",
    "https://dev.cdn.unyt.org/unyt_core/runtime/cache_path.ts": "bb7de31ccefad9689ca78f2cd4cfe1829186617baa32d61e413680d9324b57b3",
    "https://dev.cdn.unyt.org/unyt_core/runtime/cli.ts": "a4811ce51a337057420b590d80c943d38c42a5a086198029ae40bfc850b2fbdc",
    "https://dev.cdn.unyt.org/unyt_core/runtime/constants.ts": "0c8c4ddde80eac9a39b7e10d9d9d18ad6861f0e8b1d75cb0b7a96fd1315b17dd",
    "https://dev.cdn.unyt.org/unyt_core/runtime/crypto.ts": "429cdfe676a442c77f9dc9f1a7c08801ff03dee4667cfd5a3cd5246c9a715f18",
    "https://dev.cdn.unyt.org/unyt_core/runtime/debugger.ts": "ad1b12229b5d8749107e12a5b6c157b4d65e675e53c3182dc4c01cee75efe9b7",
    "https://dev.cdn.unyt.org/unyt_core/runtime/display.ts": "3a9c46b047345db380920d01c642550a7aff029956e2c2d9d6f67d8a674f17c6",
    "https://dev.cdn.unyt.org/unyt_core/runtime/endpoint_config.ts": "63d3073ffa68566cdeccc6d8bf7786b5ffc47c8ee30b4888cbf8c79f4d3e5665",
    "https://dev.cdn.unyt.org/unyt_core/runtime/io_handler.ts": "21e66a38e704a38bf24bec1e483bbc8c23473292b130a036b6e6dae688735b1b",
    "https://dev.cdn.unyt.org/unyt_core/runtime/js_interface.ts": "44d1b3882b802fbb13f287366dd3d6b1615665ac9f9301b495b61a47a2b7c7b7",
    "https://dev.cdn.unyt.org/unyt_core/runtime/lazy-pointer.ts": "8649bf4d88eb56949b3db1d1ed33e36e22946e2d0d8ed8a8dfe1ba4ea56a0365",
    "https://dev.cdn.unyt.org/unyt_core/runtime/performance_measure.ts": "ec6a72315c9e0924abbb9c9667edd1dfc28245d8b2b743332a8f0997f2fc6b4d",
    "https://dev.cdn.unyt.org/unyt_core/runtime/pointers.ts": "097f2c7680b525079ad39292da091c7992d32d7b8df1057cffae42f1f1e6ebfc",
    "https://dev.cdn.unyt.org/unyt_core/runtime/reset.ts": "68006e941ec1778933f29b1cc3a0b0dc79d5bbc503f1b40162f12f040a7d7612",
    "https://dev.cdn.unyt.org/unyt_core/runtime/runtime.ts": "3b72b472e4709b2a8be8e6c0484b9217846dc5a36ba92e79ed4bad688e1b7882",
    "https://dev.cdn.unyt.org/unyt_core/storage/storage-locations/deno-kv.ts": "c457114a9fda19acb73e4e7f9f6e92abec9ecc30b255e39ca487233c6555acf7",
    "https://dev.cdn.unyt.org/unyt_core/storage/storage-locations/indexed-db.ts": "e54277691028cf3fbd1682900d98f4b583184fe62a6d3bddf338422f0f42515c",
    "https://dev.cdn.unyt.org/unyt_core/storage/storage-locations/local-storage-compat.ts": "d49a9ef4a95bf875c213964681362d896545116a3859141859222f342475eb79",
    "https://dev.cdn.unyt.org/unyt_core/storage/storage-locations/local-storage.ts": "8abad8288c38090e2b615bb83b06300a397aba86d3481f8ef7f5468e0f87eb0c",
    "https://dev.cdn.unyt.org/unyt_core/storage/storage.ts": "29abe2fc660eb5ce4d1040ef829bca4f20033b00c86ebd603f2be842dc913313",
    "https://dev.cdn.unyt.org/unyt_core/types/addressing.ts": "62c8a48b84237409780faf7601daf9abbf581036005218f3b9b60cc66e89cbf4",
    "https://dev.cdn.unyt.org/unyt_core/types/assertion.ts": "ffa9614cf4ad904df1007d0a6441788eceb3347d26791771372c17b9249ea2ce",
    "https://dev.cdn.unyt.org/unyt_core/types/deferred.ts": "eb308e59468c7ca5bd3179e4aa86b5c73d7c4de60d1d656a6c244e3414e61e0d",
    "https://dev.cdn.unyt.org/unyt_core/types/error_codes.ts": "e4c8c23a07a5e71c70a6c2769de73f45547a4086152155b84ac080699bfb02ea",
    "https://dev.cdn.unyt.org/unyt_core/types/errors.ts": "2a847093e64705a8837be14f93f2810f4438953edc80a653a1b56f66aea8757d",
    "https://dev.cdn.unyt.org/unyt_core/types/function-utils.ts": "1be5dc21dd460fa03f0a28fad84eee212becb220073b0f0c1e338490cec5defa",
    "https://dev.cdn.unyt.org/unyt_core/types/function.ts": "2f4443d71ed36493f3709fc60c7d3aa6350cce2f7896e51eae4c285529bee217",
    "https://dev.cdn.unyt.org/unyt_core/types/iterator.ts": "f59386c4730f877f7ebd5a9ea77c6a89c6b8e6523a530f27d8a31175015da020",
    "https://dev.cdn.unyt.org/unyt_core/types/js-function.ts": "7aca0693c88bd11702184af2533eb52d8a5d3fa93be8f3293b7f146576603a3c",
    "https://dev.cdn.unyt.org/unyt_core/types/logic.ts": "b60c9935897986cb4a7c39f53cd2e9c1f7daa8093c344cc69ab09ffd5527bd1a",
    "https://dev.cdn.unyt.org/unyt_core/types/markdown.ts": "7c762ad0c64eea3495f13371551424d971cc3d98eba09464f07f5ac3c1417fb6",
    "https://dev.cdn.unyt.org/unyt_core/types/native_types.ts": "179390b28499356e0b59243bc44e52e8bdd3892af4784b31aee3b14852999e39",
    "https://dev.cdn.unyt.org/unyt_core/types/object.ts": "9711f523ae51ebf53f992837e921dbe7b572f4150a1379a6ac6d0b240ed978dd",
    "https://dev.cdn.unyt.org/unyt_core/types/quantity.ts": "669aab9de6caf6179ba7d6e1fec8bfec16e0194638a3014bcd88f1d2a59ca53a",
    "https://dev.cdn.unyt.org/unyt_core/types/reactive-methods/array.ts": "e8877a11e173e5cf73789d76e517106d2ce4573daac315020053790f3ebb21ce",
    "https://dev.cdn.unyt.org/unyt_core/types/reactive-methods/map.ts": "8081929ad6d509615dda1978af6625c1e74aa4d7bee089981ce8a296c0a65eff",
    "https://dev.cdn.unyt.org/unyt_core/types/scope.ts": "4bf20285be521b142c735cfedf779a68a4315940f4b4deeb4d1f2ca3d322d7eb",
    "https://dev.cdn.unyt.org/unyt_core/types/storage-map.ts": "fdfb0b97d64865b2a223efb891093a882fedd46abae34cc30622c91966937ccd",
    "https://dev.cdn.unyt.org/unyt_core/types/storage-set.ts": "05f3fcdb0df4569c9e17a59342cc69a70a597622aaacc0a25f2fa26edd5fa8ba",
    "https://dev.cdn.unyt.org/unyt_core/types/storage_set.ts": "0c2ff5e667891461079c2fd50533873ace42d8351fa60a640e39735ea76b7b02",
    "https://dev.cdn.unyt.org/unyt_core/types/stream.ts": "c9c9413776f111556a7d6d2be27f64c26f027d3f7d09bee8d95b516d3ca0adff",
    "https://dev.cdn.unyt.org/unyt_core/types/struct.ts": "eb3e6d572f252c32aa27acab902df095a3d1427794efbe627e4778b82b2da86f",
    "https://dev.cdn.unyt.org/unyt_core/types/task.ts": "b5073e9682ca9cb93b44646e0fbe7896f96cd369d151a94d2d11728e5d7e2da9",
    "https://dev.cdn.unyt.org/unyt_core/types/time.ts": "13ccb01766381406c007ace5b26598fdb4ecdeb3323a588dec32bcd847fe2dc9",
    "https://dev.cdn.unyt.org/unyt_core/types/tuple.ts": "798c635102d46f4c29903f82fb50cd1f6c0449eb0090654ae08e59e9ae98a80e",
    "https://dev.cdn.unyt.org/unyt_core/types/type.ts": "208352fdac9a5ad57a238475ce009bfd8aa4e9dfe87f7757303637bcaf4713a0",
    "https://dev.cdn.unyt.org/unyt_core/utils/ansi_compat.ts": "d220d4387c98d6bb1fb2422b7e40f5bbdcfcf7f198f087460ab27712020baed8",
    "https://dev.cdn.unyt.org/unyt_core/utils/args.ts": "3e11e2208bb3d1505140fe81ae535f5485d1c03f72c711de0c8903addc2120bd",
    "https://dev.cdn.unyt.org/unyt_core/utils/auto_map.ts": "f417f528db567ac25a6d8614eaa27e8597131f262db0d6c9baa8e549453ddbe6",
    "https://dev.cdn.unyt.org/unyt_core/utils/caller_metadata.ts": "57f79bff64cfb24749cdebec41230a416a32e8d0e80c319096e653778e7a5fde",
    "https://dev.cdn.unyt.org/unyt_core/utils/command-line-args/ansi.ts": "945dfe165cba067b9cc0035c454dc4991c8af826404573938848f84f79a97ba5",
    "https://dev.cdn.unyt.org/unyt_core/utils/command-line-args/generators/cli-generator.ts": "39a570056a82da1ba983057b317d9baae7a0a4b715bd6738c977ea6f1991512b",
    "https://dev.cdn.unyt.org/unyt_core/utils/command-line-args/generators/markdown-generator.ts": "47a39eede55a20f1431634525786b58ae93f4df0e751de301de5d0c35bfdc72f",
    "https://dev.cdn.unyt.org/unyt_core/utils/command-line-args/main.ts": "7a0303af851b5acd29114d00877aeb58769c5a37d529800fd28132d823e474d2",
    "https://dev.cdn.unyt.org/unyt_core/utils/command-line-args/types.ts": "f1bd9b69321731bcb5e53d26e895a9310b8c82ca821364545a0f9336463d6bc8",
    "https://dev.cdn.unyt.org/unyt_core/utils/constants.ts": "a7992c1dbb4d28a22c52d02281564f0236508217cc1b7a035ff0e95988fa83cb",
    "https://dev.cdn.unyt.org/unyt_core/utils/cookies.ts": "108ed3d74c0a7766e07e8d956069723b960d5bae33630e15e38b89acb23baf9f",
    "https://dev.cdn.unyt.org/unyt_core/utils/debug-cookie.ts": "81c2b9ec6a0503a967998273022f66f61a8eb160478c349843f4c80aaa201609",
    "https://dev.cdn.unyt.org/unyt_core/utils/disposable-callback-handler.ts": "28ff7277ecbdf90dfa18a18bef6c8930a52f32bd3976243b1fef2361f093536b",
    "https://dev.cdn.unyt.org/unyt_core/utils/error-handling.ts": "3b3c89db93c693acc47f52019fc47c6772220becce0e667844d7d82c285f3c9d",
    "https://dev.cdn.unyt.org/unyt_core/utils/error-reporting.ts": "6caaa2dd93dd445034e7aafc0b6a461010555225e21f0bd51b6a5cd64ec95599",
    "https://dev.cdn.unyt.org/unyt_core/utils/eternals.ts": "e765fdab5e147ae6d3508eb56069b227ca39a20e30e8eeeab82a88b568ef16c6",
    "https://dev.cdn.unyt.org/unyt_core/utils/format-endpoint-url.ts": "d581d10140d928f691abb59ffdb151277fd1adbaf1cef1a1af85876f6e2d464b",
    "https://dev.cdn.unyt.org/unyt_core/utils/global_types.ts": "9bb80346c32fc0c6be741c78d0944bdf8c488f9aa4edba61122a12b343646196",
    "https://dev.cdn.unyt.org/unyt_core/utils/global_values.ts": "56018cdee1ca67d01fdce014b7873024c70ba5f8dd7419a0293db0c150610200",
    "https://dev.cdn.unyt.org/unyt_core/utils/indent.ts": "100a412fcc9625c625f85a672cd95d73dc2e10a23afd999cd1ce61e0e88cfcb0",
    "https://dev.cdn.unyt.org/unyt_core/utils/interface-generator.ts": "e4aee848d8be6e0d802795df8ea77955e66cd4845e9ed06040551d3f75e3378e",
    "https://dev.cdn.unyt.org/unyt_core/utils/isolated-scope.ts": "814e356590f2dd8b9aae3d602da64f05fd0b905a5fb4dd49d93d22252015c1d5",
    "https://dev.cdn.unyt.org/unyt_core/utils/iterable-handler.ts": "2f442e8a4646db3dc8b96b256e8518ae57a88f0f98cd091d59559254b0c0a035",
    "https://dev.cdn.unyt.org/unyt_core/utils/iterable-weak-map.ts": "febd797ab2a16a13fe51e60afb9ae223d902dd5b8ec189fc2a086851570306e0",
    "https://dev.cdn.unyt.org/unyt_core/utils/iterable-weak-set.ts": "d516716ff72b5605c5aaf4a057f27acedbed4be0e591c1ad9bfa52afcc268213",
    "https://dev.cdn.unyt.org/unyt_core/utils/local_files.ts": "ff90c8d3480bfdb0e6021bdb01aff189867017a3514595bd2303308274ebfcfc",
    "https://dev.cdn.unyt.org/unyt_core/utils/logger.ts": "9a4ba3372f24407341c2975d802c37dfdbcd84239b996288075e32cf764cec0d",
    "https://dev.cdn.unyt.org/unyt_core/utils/match.ts": "ed083ebca2ee90bc265750a02197be55c8715af1269105fbb329b367aa26c394",
    "https://dev.cdn.unyt.org/unyt_core/utils/message_logger.ts": "fa0eb1777c5b7d50384ed3c34516027a8c49c03035edaa93303c9c904e1a4c80",
    "https://dev.cdn.unyt.org/unyt_core/utils/normalize-path.ts": "1f3fea7a349600fec02ea434fd18ef34476e59f977c09a00146702e71e92d342",
    "https://dev.cdn.unyt.org/unyt_core/utils/observers.ts": "df82f2dfbc0189d7f3f6d1f21461ac4a329a6dbbd7ec1bd72d3cd2f5afada9a6",
    "https://dev.cdn.unyt.org/unyt_core/utils/path.ts": "1a6a91c4d36b2e8249bfc6f2341ca07e397cad256d96f2f8a285871dd3d47147",
    "https://dev.cdn.unyt.org/unyt_core/utils/persistent-listeners.ts": "8ab5b2750c8104caae00e275a33655868afbc76eee3807523d09f93315509898",
    "https://dev.cdn.unyt.org/unyt_core/utils/polyfills.ts": "6cc15f4d5f3e5e2ec5a6911beae99732c9ee2886e9e1438212934f8f9674d637",
    "https://dev.cdn.unyt.org/unyt_core/utils/promises.ts": "b43d38724a2fd42d1d0a3cc479bc21f7a75ccee872f680c46f50e99839e17803",
    "https://dev.cdn.unyt.org/unyt_core/utils/sha256.ts": "3bec80dff6e4663e9a1d9153288873c5dbe1aa40807f5a0412ff2057e628676b",
    "https://dev.cdn.unyt.org/unyt_core/utils/utils.ts": "4700b8f6dddbfb80d6465f437bf327c761f0b460fb59cbc92c129d2e35ef8714",
    "https://dev.cdn.unyt.org/unyt_core/utils/volatile-map.ts": "c60551a48b4900b8e29f0601c2d5cc9f9f0063b86e1d8a70c5a4369faa2b11cc",
    "https://dev.cdn.unyt.org/unyt_core/utils/weak-action.ts": "1b792c3992e54a72b0d3b89eccf5fbe8fa3b11f0b545f0551eaef1f0ae684345",
    "https://dev.cdn.unyt.org/unyt_core/wasm/adapter/pkg/datex_wasm.js": "e9416983fb275de1cd28849c3cb85ba3d3be05032e9246c73fe217e7a2d422c5"
  }
}
